
Microsoft Visual Studio Solution File, Format Version 12.00
# Visual Studio Version 17
VisualStudioVersion = 17.9.34701.34
MinimumVisualStudioVersion = 10.0.40219.1
Project("{FAE04EC0-301F-11D3-BF4B-00C04F79EFBC}") = "RollUp", "RollUp\RollUp.csproj", "{94937DD8-E540-4CE0-9C08-37937872C981}"
EndProject
Project("{FAE04EC0-301F-11D3-BF4B-00C04F79EFBC}") = "RollUpTest", "RollUpTest\RollUpTest.csproj", "{DF2230BD-E1F5-4944-BB5C-AEE944AC85E4}"
EndProject
Global
	GlobalSection(SolutionConfigurationPlatforms) = preSolution
		Debug|Any CPU = Debug|Any CPU
		Release|Any CPU = Release|Any CPU
	EndGlobalSection
	GlobalSection(ProjectConfigurationPlatforms) = postSolution
		{94937DD8-E540-4CE0-9C08-37937872C981}.Debug|Any CPU.ActiveCfg = Debug|Any CPU
		{94937DD8-E540-4CE0-9C08-37937872C981}.Debug|Any CPU.Build.0 = Debug|Any CPU
		{94937DD8-E540-4CE0-9C08-37937872C981}.Release|Any CPU.ActiveCfg = Release|Any CPU
		{94937DD8-E540-4CE0-9C08-37937872C981}.Release|Any CPU.Build.0 = Release|Any CPU
		{DF2230BD-E1F5-4944-BB5C-AEE944AC85E4}.Debug|Any CPU.ActiveCfg = Debug|Any CPU
		{DF2230BD-E1F5-4944-BB5C-AEE944AC85E4}.Debug|Any CPU.Build.0 = Debug|Any CPU
		{DF2230BD-E1F5-4944-BB5C-AEE944AC85E4}.Release|Any CPU.ActiveCfg = Release|Any CPU
		{DF2230BD-E1F5-4944-BB5C-AEE944AC85E4}.Release|Any CPU.Build.0 = Release|Any CPU
	EndGlobalSection
	GlobalSection(SolutionProperties) = preSolution
		HideSolutionNode = FALSE
	EndGlobalSection
	GlobalSection(ExtensibilityGlobals) = postSolution
		SolutionGuid = {6A000945-810E-489F-943F-4F36D5C45755}
	EndGlobalSection
EndGlobal
